
Microsoft Visual Studio Solution File, Format Version 12.00
# Visual Studio Version 17
VisualStudioVersion = 17.2.32516.85
MinimumVisualStudioVersion = 10.0.40219.1
Project("{FAE04EC0-301F-11D3-BF4B-00C04F79EFBC}") = "ht1_code", "ht1_code.csproj", "{175206F3-2309-48D4-9BE8-DE35638C73EA}"
EndProject
Global
	GlobalSection(SolutionConfigurationPlatforms) = preSolution
		Debug|Any CPU = Debug|Any CPU
		Release|Any CPU = Release|Any CPU
	EndGlobalSection
	GlobalSection(ProjectConfigurationPlatforms) = postSolution
		{175206F3-2309-48D4-9BE8-DE35638C73EA}.Debug|Any CPU.ActiveCfg = Debug|Any CPU
		{175206F3-2309-48D4-9BE8-DE35638C73EA}.Debug|Any CPU.Build.0 = Debug|Any CPU
		{175206F3-2309-48D4-9BE8-DE35638C73EA}.Release|Any CPU.ActiveCfg = Release|Any CPU
		{175206F3-2309-48D4-9BE8-DE35638C73EA}.Release|Any CPU.Build.0 = Release|Any CPU
	EndGlobalSection
	GlobalSection(SolutionProperties) = preSolution
		HideSolutionNode = FALSE
	EndGlobalSection
	GlobalSection(ExtensibilityGlobals) = postSolution
		SolutionGuid = {B419A7EB-E62F-4BDA-AA9F-7BDC128EDD4C}
	EndGlobalSection
EndGlobal
