
Microsoft Visual Studio Solution File, Format Version 12.00
# Visual Studio Version 17
VisualStudioVersion = 17.2.32516.85
MinimumVisualStudioVersion = 10.0.40219.1
Project("{FAE04EC0-301F-11D3-BF4B-00C04F79EFBC}") = "code", "code.csproj", "{A892F3AE-8FB7-419E-A0CE-0DD0C39DCCAC}"
EndProject
Global
	GlobalSection(SolutionConfigurationPlatforms) = preSolution
		Debug|Any CPU = Debug|Any CPU
		Release|Any CPU = Release|Any CPU
	EndGlobalSection
	GlobalSection(ProjectConfigurationPlatforms) = postSolution
		{A892F3AE-8FB7-419E-A0CE-0DD0C39DCCAC}.Debug|Any CPU.ActiveCfg = Debug|Any CPU
		{A892F3AE-8FB7-419E-A0CE-0DD0C39DCCAC}.Debug|Any CPU.Build.0 = Debug|Any CPU
		{A892F3AE-8FB7-419E-A0CE-0DD0C39DCCAC}.Release|Any CPU.ActiveCfg = Release|Any CPU
		{A892F3AE-8FB7-419E-A0CE-0DD0C39DCCAC}.Release|Any CPU.Build.0 = Release|Any CPU
	EndGlobalSection
	GlobalSection(SolutionProperties) = preSolution
		HideSolutionNode = FALSE
	EndGlobalSection
	GlobalSection(ExtensibilityGlobals) = postSolution
		SolutionGuid = {D5B9F8E1-108F-4D7B-9136-B1218497C97A}
	EndGlobalSection
EndGlobal
